
Microsoft Visual Studio Solution File, Format Version 10.00
# Visual Studio 2008
Project("{2150E333-8FDC-42A3-9474-1A3956D46DE8}") = "Public", "Public", "{C7419687-6981-493D-8387-5F474403E966}"
	ProjectSection(SolutionItems) = preProject
		System\include\ProducerAndConsumer.h = System\include\ProducerAndConsumer.h
	EndProjectSection
EndProject
Project("{2150E333-8FDC-42A3-9474-1A3956D46DE8}") = "System", "System", "{CB01E3F3-E456-47A2-A616-9736C22EFC9C}"
EndProject
Project("{2150E333-8FDC-42A3-9474-1A3956D46DE8}") = "Comm", "Comm", "{3A67DC98-17CC-489E-8463-082AF1E6A8C6}"
EndProject
Project("{2150E333-8FDC-42A3-9474-1A3956D46DE8}") = "Net", "Net", "{093D81EE-D5EC-4AB8-BD19-2A2773A6C362}"
EndProject
Project("{2150E333-8FDC-42A3-9474-1A3956D46DE8}") = "Test", "Test", "{BB36B246-A754-4E74-83FE-FFF9CBC6B85C}"
EndProject
Project("{2150E333-8FDC-42A3-9474-1A3956D46DE8}") = "ServiceContainer", "ServiceContainer", "{3D35C6D4-1649-4E0C-B271-8E64AD6C8B77}"
EndProject
Project("{2150E333-8FDC-42A3-9474-1A3956D46DE8}") = "Gateway", "Gateway", "{B3DB8D16-8B9C-4EA3-91F7-457F262E5E2A}"
EndProject
Project("{2150E333-8FDC-42A3-9474-1A3956D46DE8}") = "ServiceCenter", "ServiceCenter", "{842BAAAD-6DA7-4792-8371-E408B3381BC0}"
EndProject
Project("{8BC9CEB8-8B4A-11D0-8D11-00A0C91BC942}") = "TaskMgr", "System\TaskMgr\TaskMgr.vcproj", "{0EBD2D73-9ECA-4CBA-93B8-DBE819C8F884}"
EndProject
Project("{8BC9CEB8-8B4A-11D0-8D11-00A0C91BC942}") = "Public", "Public\Public.vcproj", "{D8FD8F00-4723-4804-8F35-E333FCD9EC5A}"
EndProject
Project("{8BC9CEB8-8B4A-11D0-8D11-00A0C91BC942}") = "System", "System\System.vcproj", "{9A58F19B-7BF1-49E0-9512-54A16DBFEF50}"
EndProject
Project("{8BC9CEB8-8B4A-11D0-8D11-00A0C91BC942}") = "Net", "Comm\Net\Net.vcproj", "{18E4E701-00ED-44BF-9983-D37FADA0729C}"
EndProject
Project("{8BC9CEB8-8B4A-11D0-8D11-00A0C91BC942}") = "Statistic", "Public\Statistic\Statistic.vcproj", "{3F819B43-1F6E-43CC-BEA5-D9F760F30039}"
EndProject
Project("{8BC9CEB8-8B4A-11D0-8D11-00A0C91BC942}") = "Logger", "System\Logger\Logger.vcproj", "{33E6D7E6-286C-4F6F-B3A0-1A5DB635220A}"
EndProject
Project("{8BC9CEB8-8B4A-11D0-8D11-00A0C91BC942}") = "ExceptionParser", "System\ExceptionParser\ExceptionParser.vcproj", "{B97091E4-07A0-48F0-934A-84A8A81898D5}"
EndProject
Project("{8BC9CEB8-8B4A-11D0-8D11-00A0C91BC942}") = "LoggerTest", "Test\LoggerTest\LoggerTest.vcproj", "{72FA7932-7C31-4711-B84C-457C06C6190A}"
	ProjectSection(ProjectDependencies) = postProject
		{D8FD8F00-4723-4804-8F35-E333FCD9EC5A} = {D8FD8F00-4723-4804-8F35-E333FCD9EC5A}
		{0EBD2D73-9ECA-4CBA-93B8-DBE819C8F884} = {0EBD2D73-9ECA-4CBA-93B8-DBE819C8F884}
		{9A58F19B-7BF1-49E0-9512-54A16DBFEF50} = {9A58F19B-7BF1-49E0-9512-54A16DBFEF50}
		{B97091E4-07A0-48F0-934A-84A8A81898D5} = {B97091E4-07A0-48F0-934A-84A8A81898D5}
		{33E6D7E6-286C-4F6F-B3A0-1A5DB635220A} = {33E6D7E6-286C-4F6F-B3A0-1A5DB635220A}
	EndProjectSection
EndProject
Project("{8BC9CEB8-8B4A-11D0-8D11-00A0C91BC942}") = "Config", "Public\Config\Config.vcproj", "{D2FCD94C-490E-43AD-A428-C0461B90B49A}"
EndProject
Project("{8BC9CEB8-8B4A-11D0-8D11-00A0C91BC942}") = "Comm", "Comm\Comm.vcproj", "{57787C81-5F25-42C7-A08F-CDCE9CAFB3F0}"
EndProject
Project("{8BC9CEB8-8B4A-11D0-8D11-00A0C91BC942}") = "WinNetTest", "Test\WinNetTest\WinNetTest.vcproj", "{D09C27CA-D1AD-4180-BF96-1FEE2E15C047}"
	ProjectSection(ProjectDependencies) = postProject
		{D8FD8F00-4723-4804-8F35-E333FCD9EC5A} = {D8FD8F00-4723-4804-8F35-E333FCD9EC5A}
		{18E4E701-00ED-44BF-9983-D37FADA0729C} = {18E4E701-00ED-44BF-9983-D37FADA0729C}
		{0EBD2D73-9ECA-4CBA-93B8-DBE819C8F884} = {0EBD2D73-9ECA-4CBA-93B8-DBE819C8F884}
		{9A58F19B-7BF1-49E0-9512-54A16DBFEF50} = {9A58F19B-7BF1-49E0-9512-54A16DBFEF50}
		{B97091E4-07A0-48F0-934A-84A8A81898D5} = {B97091E4-07A0-48F0-934A-84A8A81898D5}
		{33E6D7E6-286C-4F6F-B3A0-1A5DB635220A} = {33E6D7E6-286C-4F6F-B3A0-1A5DB635220A}
	EndProjectSection
EndProject
Project("{8BC9CEB8-8B4A-11D0-8D11-00A0C91BC942}") = "MapTest", "Test\MapTest\MapTest.vcproj", "{8F04E74A-7ED0-4073-BD01-EFB484DA9CAF}"
EndProject
Project("{8BC9CEB8-8B4A-11D0-8D11-00A0C91BC942}") = "CommTest", "Test\CommTest\CommTest.vcproj", "{641C09FC-9C02-49EE-B171-5EAB9F14BA60}"
	ProjectSection(ProjectDependencies) = postProject
		{D8FD8F00-4723-4804-8F35-E333FCD9EC5A} = {D8FD8F00-4723-4804-8F35-E333FCD9EC5A}
		{18E4E701-00ED-44BF-9983-D37FADA0729C} = {18E4E701-00ED-44BF-9983-D37FADA0729C}
		{D2FCD94C-490E-43AD-A428-C0461B90B49A} = {D2FCD94C-490E-43AD-A428-C0461B90B49A}
		{0EBD2D73-9ECA-4CBA-93B8-DBE819C8F884} = {0EBD2D73-9ECA-4CBA-93B8-DBE819C8F884}
		{57787C81-5F25-42C7-A08F-CDCE9CAFB3F0} = {57787C81-5F25-42C7-A08F-CDCE9CAFB3F0}
		{9A58F19B-7BF1-49E0-9512-54A16DBFEF50} = {9A58F19B-7BF1-49E0-9512-54A16DBFEF50}
		{B97091E4-07A0-48F0-934A-84A8A81898D5} = {B97091E4-07A0-48F0-934A-84A8A81898D5}
		{33E6D7E6-286C-4F6F-B3A0-1A5DB635220A} = {33E6D7E6-286C-4F6F-B3A0-1A5DB635220A}
	EndProjectSection
EndProject
Project("{8BC9CEB8-8B4A-11D0-8D11-00A0C91BC942}") = "DBLib", "System\DBLib\DBLib.vcproj", "{DC0762CA-C61C-4D97-ADE2-9A408943A912}"
EndProject
Project("{8BC9CEB8-8B4A-11D0-8D11-00A0C91BC942}") = "PoolTest", "Test\PoolTest\PoolTest.vcproj", "{3B5FAA07-6F38-489C-916B-863DCFE03D97}"
EndProject
Project("{8BC9CEB8-8B4A-11D0-8D11-00A0C91BC942}") = "ServiceContainer", "ServiceContainer\ServiceContainer.vcproj", "{5ED9AAD6-9262-4AA5-BD51-CE67C975EAC3}"
	ProjectSection(ProjectDependencies) = postProject
		{D8FD8F00-4723-4804-8F35-E333FCD9EC5A} = {D8FD8F00-4723-4804-8F35-E333FCD9EC5A}
		{18E4E701-00ED-44BF-9983-D37FADA0729C} = {18E4E701-00ED-44BF-9983-D37FADA0729C}
		{D2FCD94C-490E-43AD-A428-C0461B90B49A} = {D2FCD94C-490E-43AD-A428-C0461B90B49A}
		{0EBD2D73-9ECA-4CBA-93B8-DBE819C8F884} = {0EBD2D73-9ECA-4CBA-93B8-DBE819C8F884}
		{57787C81-5F25-42C7-A08F-CDCE9CAFB3F0} = {57787C81-5F25-42C7-A08F-CDCE9CAFB3F0}
		{9A58F19B-7BF1-49E0-9512-54A16DBFEF50} = {9A58F19B-7BF1-49E0-9512-54A16DBFEF50}
		{B97091E4-07A0-48F0-934A-84A8A81898D5} = {B97091E4-07A0-48F0-934A-84A8A81898D5}
		{33E6D7E6-286C-4F6F-B3A0-1A5DB635220A} = {33E6D7E6-286C-4F6F-B3A0-1A5DB635220A}
		{E98E39EC-B1DE-4B0A-935C-3B6AF2254425} = {E98E39EC-B1DE-4B0A-935C-3B6AF2254425}
	EndProjectSection
EndProject
Project("{8BC9CEB8-8B4A-11D0-8D11-00A0C91BC942}") = "MultMapTest", "Test\MultMapTest\MultMapTest.vcproj", "{CF6A3F49-76E7-4B5A-B421-CB029F9CE729}"
EndProject
Project("{8BC9CEB8-8B4A-11D0-8D11-00A0C91BC942}") = "TimerTest", "Test\TimerTest\TimerTest.vcproj", "{759D294B-859F-432F-A763-9A12414E76A7}"
	ProjectSection(ProjectDependencies) = postProject
		{D8FD8F00-4723-4804-8F35-E333FCD9EC5A} = {D8FD8F00-4723-4804-8F35-E333FCD9EC5A}
	EndProjectSection
EndProject
Project("{8BC9CEB8-8B4A-11D0-8D11-00A0C91BC942}") = "IdlGenerator", "IdlGenerator\IdlGenerator.vcproj", "{91620A53-C81D-4D22-AB12-927113250D64}"
EndProject
Project("{8BC9CEB8-8B4A-11D0-8D11-00A0C91BC942}") = "Service", "ServiceTemplate\Service\Service.vcproj", "{BA24FB41-F29E-4B06-88C4-CC15A012F22F}"
	ProjectSection(ProjectDependencies) = postProject
		{D8FD8F00-4723-4804-8F35-E333FCD9EC5A} = {D8FD8F00-4723-4804-8F35-E333FCD9EC5A}
		{18E4E701-00ED-44BF-9983-D37FADA0729C} = {18E4E701-00ED-44BF-9983-D37FADA0729C}
		{891AB460-395A-4105-AA33-DCA74BD0F39D} = {891AB460-395A-4105-AA33-DCA74BD0F39D}
		{9A58F19B-7BF1-49E0-9512-54A16DBFEF50} = {9A58F19B-7BF1-49E0-9512-54A16DBFEF50}
		{E98E39EC-B1DE-4B0A-935C-3B6AF2254425} = {E98E39EC-B1DE-4B0A-935C-3B6AF2254425}
	EndProjectSection
EndProject
Project("{8BC9CEB8-8B4A-11D0-8D11-00A0C91BC942}") = "Interface", "ServiceTemplate\Interface\Interface.vcproj", "{891AB460-395A-4105-AA33-DCA74BD0F39D}"
EndProject
Project("{8BC9CEB8-8B4A-11D0-8D11-00A0C91BC942}") = "Orb", "Public\Orb\Orb.vcproj", "{E98E39EC-B1DE-4B0A-935C-3B6AF2254425}"
EndProject
Project("{8BC9CEB8-8B4A-11D0-8D11-00A0C91BC942}") = "Interface", "serviceCenter\Interface\Interface.vcproj", "{41E2CB3E-A60F-477E-8D80-BEAB954B0296}"
EndProject
Project("{8BC9CEB8-8B4A-11D0-8D11-00A0C91BC942}") = "Service", "ServiceCenter\Service\Service.vcproj", "{9AAE520F-BDA4-48A8-B3A6-E04FB76CDF89}"
EndProject
Global
	GlobalSection(SolutionConfigurationPlatforms) = preSolution
		Debug|Win32 = Debug|Win32
		Release|Win32 = Release|Win32
	EndGlobalSection
	GlobalSection(ProjectConfigurationPlatforms) = postSolution
		{0EBD2D73-9ECA-4CBA-93B8-DBE819C8F884}.Debug|Win32.ActiveCfg = Debug|Win32
		{0EBD2D73-9ECA-4CBA-93B8-DBE819C8F884}.Debug|Win32.Build.0 = Debug|Win32
		{0EBD2D73-9ECA-4CBA-93B8-DBE819C8F884}.Release|Win32.ActiveCfg = Release|Win32
		{0EBD2D73-9ECA-4CBA-93B8-DBE819C8F884}.Release|Win32.Build.0 = Release|Win32
		{D8FD8F00-4723-4804-8F35-E333FCD9EC5A}.Debug|Win32.ActiveCfg = Debug|Win32
		{D8FD8F00-4723-4804-8F35-E333FCD9EC5A}.Debug|Win32.Build.0 = Debug|Win32
		{D8FD8F00-4723-4804-8F35-E333FCD9EC5A}.Release|Win32.ActiveCfg = Release|Win32
		{D8FD8F00-4723-4804-8F35-E333FCD9EC5A}.Release|Win32.Build.0 = Release|Win32
		{9A58F19B-7BF1-49E0-9512-54A16DBFEF50}.Debug|Win32.ActiveCfg = Debug|Win32
		{9A58F19B-7BF1-49E0-9512-54A16DBFEF50}.Debug|Win32.Build.0 = Debug|Win32
		{9A58F19B-7BF1-49E0-9512-54A16DBFEF50}.Release|Win32.ActiveCfg = Release|Win32
		{9A58F19B-7BF1-49E0-9512-54A16DBFEF50}.Release|Win32.Build.0 = Release|Win32
		{18E4E701-00ED-44BF-9983-D37FADA0729C}.Debug|Win32.ActiveCfg = Debug|Win32
		{18E4E701-00ED-44BF-9983-D37FADA0729C}.Debug|Win32.Build.0 = Debug|Win32
		{18E4E701-00ED-44BF-9983-D37FADA0729C}.Release|Win32.ActiveCfg = Release|Win32
		{18E4E701-00ED-44BF-9983-D37FADA0729C}.Release|Win32.Build.0 = Release|Win32
		{3F819B43-1F6E-43CC-BEA5-D9F760F30039}.Debug|Win32.ActiveCfg = Debug|Win32
		{3F819B43-1F6E-43CC-BEA5-D9F760F30039}.Debug|Win32.Build.0 = Debug|Win32
		{3F819B43-1F6E-43CC-BEA5-D9F760F30039}.Release|Win32.ActiveCfg = Release|Win32
		{3F819B43-1F6E-43CC-BEA5-D9F760F30039}.Release|Win32.Build.0 = Release|Win32
		{33E6D7E6-286C-4F6F-B3A0-1A5DB635220A}.Debug|Win32.ActiveCfg = Debug|Win32
		{33E6D7E6-286C-4F6F-B3A0-1A5DB635220A}.Debug|Win32.Build.0 = Debug|Win32
		{33E6D7E6-286C-4F6F-B3A0-1A5DB635220A}.Release|Win32.ActiveCfg = Release|Win32
		{33E6D7E6-286C-4F6F-B3A0-1A5DB635220A}.Release|Win32.Build.0 = Release|Win32
		{B97091E4-07A0-48F0-934A-84A8A81898D5}.Debug|Win32.ActiveCfg = Debug|Win32
		{B97091E4-07A0-48F0-934A-84A8A81898D5}.Debug|Win32.Build.0 = Debug|Win32
		{B97091E4-07A0-48F0-934A-84A8A81898D5}.Release|Win32.ActiveCfg = Release|Win32
		{B97091E4-07A0-48F0-934A-84A8A81898D5}.Release|Win32.Build.0 = Release|Win32
		{72FA7932-7C31-4711-B84C-457C06C6190A}.Debug|Win32.ActiveCfg = Debug|Win32
		{72FA7932-7C31-4711-B84C-457C06C6190A}.Debug|Win32.Build.0 = Debug|Win32
		{72FA7932-7C31-4711-B84C-457C06C6190A}.Release|Win32.ActiveCfg = Release|Win32
		{72FA7932-7C31-4711-B84C-457C06C6190A}.Release|Win32.Build.0 = Release|Win32
		{D2FCD94C-490E-43AD-A428-C0461B90B49A}.Debug|Win32.ActiveCfg = Debug|Win32
		{D2FCD94C-490E-43AD-A428-C0461B90B49A}.Debug|Win32.Build.0 = Debug|Win32
		{D2FCD94C-490E-43AD-A428-C0461B90B49A}.Release|Win32.ActiveCfg = Release|Win32
		{D2FCD94C-490E-43AD-A428-C0461B90B49A}.Release|Win32.Build.0 = Release|Win32
		{57787C81-5F25-42C7-A08F-CDCE9CAFB3F0}.Debug|Win32.ActiveCfg = Debug|Win32
		{57787C81-5F25-42C7-A08F-CDCE9CAFB3F0}.Debug|Win32.Build.0 = Debug|Win32
		{57787C81-5F25-42C7-A08F-CDCE9CAFB3F0}.Release|Win32.ActiveCfg = Release|Win32
		{57787C81-5F25-42C7-A08F-CDCE9CAFB3F0}.Release|Win32.Build.0 = Release|Win32
		{D09C27CA-D1AD-4180-BF96-1FEE2E15C047}.Debug|Win32.ActiveCfg = Debug|Win32
		{D09C27CA-D1AD-4180-BF96-1FEE2E15C047}.Debug|Win32.Build.0 = Debug|Win32
		{D09C27CA-D1AD-4180-BF96-1FEE2E15C047}.Release|Win32.ActiveCfg = Release|Win32
		{D09C27CA-D1AD-4180-BF96-1FEE2E15C047}.Release|Win32.Build.0 = Release|Win32
		{8F04E74A-7ED0-4073-BD01-EFB484DA9CAF}.Debug|Win32.ActiveCfg = Debug|Win32
		{8F04E74A-7ED0-4073-BD01-EFB484DA9CAF}.Debug|Win32.Build.0 = Debug|Win32
		{8F04E74A-7ED0-4073-BD01-EFB484DA9CAF}.Release|Win32.ActiveCfg = Release|Win32
		{8F04E74A-7ED0-4073-BD01-EFB484DA9CAF}.Release|Win32.Build.0 = Release|Win32
		{641C09FC-9C02-49EE-B171-5EAB9F14BA60}.Debug|Win32.ActiveCfg = Debug|Win32
		{641C09FC-9C02-49EE-B171-5EAB9F14BA60}.Debug|Win32.Build.0 = Debug|Win32
		{641C09FC-9C02-49EE-B171-5EAB9F14BA60}.Release|Win32.ActiveCfg = Release|Win32
		{641C09FC-9C02-49EE-B171-5EAB9F14BA60}.Release|Win32.Build.0 = Release|Win32
		{DC0762CA-C61C-4D97-ADE2-9A408943A912}.Debug|Win32.ActiveCfg = Debug|Win32
		{DC0762CA-C61C-4D97-ADE2-9A408943A912}.Debug|Win32.Build.0 = Debug|Win32
		{DC0762CA-C61C-4D97-ADE2-9A408943A912}.Release|Win32.ActiveCfg = Release|Win32
		{DC0762CA-C61C-4D97-ADE2-9A408943A912}.Release|Win32.Build.0 = Release|Win32
		{3B5FAA07-6F38-489C-916B-863DCFE03D97}.Debug|Win32.ActiveCfg = Debug|Win32
		{3B5FAA07-6F38-489C-916B-863DCFE03D97}.Debug|Win32.Build.0 = Debug|Win32
		{3B5FAA07-6F38-489C-916B-863DCFE03D97}.Release|Win32.ActiveCfg = Release|Win32
		{3B5FAA07-6F38-489C-916B-863DCFE03D97}.Release|Win32.Build.0 = Release|Win32
		{5ED9AAD6-9262-4AA5-BD51-CE67C975EAC3}.Debug|Win32.ActiveCfg = Debug|Win32
		{5ED9AAD6-9262-4AA5-BD51-CE67C975EAC3}.Debug|Win32.Build.0 = Debug|Win32
		{5ED9AAD6-9262-4AA5-BD51-CE67C975EAC3}.Release|Win32.ActiveCfg = Release|Win32
		{5ED9AAD6-9262-4AA5-BD51-CE67C975EAC3}.Release|Win32.Build.0 = Release|Win32
		{CF6A3F49-76E7-4B5A-B421-CB029F9CE729}.Debug|Win32.ActiveCfg = Debug|Win32
		{CF6A3F49-76E7-4B5A-B421-CB029F9CE729}.Debug|Win32.Build.0 = Debug|Win32
		{CF6A3F49-76E7-4B5A-B421-CB029F9CE729}.Release|Win32.ActiveCfg = Release|Win32
		{CF6A3F49-76E7-4B5A-B421-CB029F9CE729}.Release|Win32.Build.0 = Release|Win32
		{759D294B-859F-432F-A763-9A12414E76A7}.Debug|Win32.ActiveCfg = Debug|Win32
		{759D294B-859F-432F-A763-9A12414E76A7}.Debug|Win32.Build.0 = Debug|Win32
		{759D294B-859F-432F-A763-9A12414E76A7}.Release|Win32.ActiveCfg = Release|Win32
		{759D294B-859F-432F-A763-9A12414E76A7}.Release|Win32.Build.0 = Release|Win32
		{91620A53-C81D-4D22-AB12-927113250D64}.Debug|Win32.ActiveCfg = Debug|Win32
		{91620A53-C81D-4D22-AB12-927113250D64}.Debug|Win32.Build.0 = Debug|Win32
		{91620A53-C81D-4D22-AB12-927113250D64}.Release|Win32.ActiveCfg = Release|Win32
		{91620A53-C81D-4D22-AB12-927113250D64}.Release|Win32.Build.0 = Release|Win32
		{BA24FB41-F29E-4B06-88C4-CC15A012F22F}.Debug|Win32.ActiveCfg = Debug|Win32
		{BA24FB41-F29E-4B06-88C4-CC15A012F22F}.Debug|Win32.Build.0 = Debug|Win32
		{BA24FB41-F29E-4B06-88C4-CC15A012F22F}.Release|Win32.ActiveCfg = Release|Win32
		{BA24FB41-F29E-4B06-88C4-CC15A012F22F}.Release|Win32.Build.0 = Release|Win32
		{891AB460-395A-4105-AA33-DCA74BD0F39D}.Debug|Win32.ActiveCfg = Debug|Win32
		{891AB460-395A-4105-AA33-DCA74BD0F39D}.Debug|Win32.Build.0 = Debug|Win32
		{891AB460-395A-4105-AA33-DCA74BD0F39D}.Release|Win32.ActiveCfg = Release|Win32
		{891AB460-395A-4105-AA33-DCA74BD0F39D}.Release|Win32.Build.0 = Release|Win32
		{E98E39EC-B1DE-4B0A-935C-3B6AF2254425}.Debug|Win32.ActiveCfg = Debug|Win32
		{E98E39EC-B1DE-4B0A-935C-3B6AF2254425}.Debug|Win32.Build.0 = Debug|Win32
		{E98E39EC-B1DE-4B0A-935C-3B6AF2254425}.Release|Win32.ActiveCfg = Release|Win32
		{E98E39EC-B1DE-4B0A-935C-3B6AF2254425}.Release|Win32.Build.0 = Release|Win32
		{41E2CB3E-A60F-477E-8D80-BEAB954B0296}.Debug|Win32.ActiveCfg = Debug|Win32
		{41E2CB3E-A60F-477E-8D80-BEAB954B0296}.Debug|Win32.Build.0 = Debug|Win32
		{41E2CB3E-A60F-477E-8D80-BEAB954B0296}.Release|Win32.ActiveCfg = Release|Win32
		{41E2CB3E-A60F-477E-8D80-BEAB954B0296}.Release|Win32.Build.0 = Release|Win32
		{9AAE520F-BDA4-48A8-B3A6-E04FB76CDF89}.Debug|Win32.ActiveCfg = Debug|Win32
		{9AAE520F-BDA4-48A8-B3A6-E04FB76CDF89}.Debug|Win32.Build.0 = Debug|Win32
		{9AAE520F-BDA4-48A8-B3A6-E04FB76CDF89}.Release|Win32.ActiveCfg = Release|Win32
		{9AAE520F-BDA4-48A8-B3A6-E04FB76CDF89}.Release|Win32.Build.0 = Release|Win32
	EndGlobalSection
	GlobalSection(SolutionProperties) = preSolution
		HideSolutionNode = FALSE
	EndGlobalSection
	GlobalSection(NestedProjects) = preSolution
		{D8FD8F00-4723-4804-8F35-E333FCD9EC5A} = {C7419687-6981-493D-8387-5F474403E966}
		{3F819B43-1F6E-43CC-BEA5-D9F760F30039} = {C7419687-6981-493D-8387-5F474403E966}
		{D2FCD94C-490E-43AD-A428-C0461B90B49A} = {C7419687-6981-493D-8387-5F474403E966}
		{E98E39EC-B1DE-4B0A-935C-3B6AF2254425} = {C7419687-6981-493D-8387-5F474403E966}
		{0EBD2D73-9ECA-4CBA-93B8-DBE819C8F884} = {CB01E3F3-E456-47A2-A616-9736C22EFC9C}
		{9A58F19B-7BF1-49E0-9512-54A16DBFEF50} = {CB01E3F3-E456-47A2-A616-9736C22EFC9C}
		{33E6D7E6-286C-4F6F-B3A0-1A5DB635220A} = {CB01E3F3-E456-47A2-A616-9736C22EFC9C}
		{B97091E4-07A0-48F0-934A-84A8A81898D5} = {CB01E3F3-E456-47A2-A616-9736C22EFC9C}
		{DC0762CA-C61C-4D97-ADE2-9A408943A912} = {CB01E3F3-E456-47A2-A616-9736C22EFC9C}
		{093D81EE-D5EC-4AB8-BD19-2A2773A6C362} = {3A67DC98-17CC-489E-8463-082AF1E6A8C6}
		{57787C81-5F25-42C7-A08F-CDCE9CAFB3F0} = {3A67DC98-17CC-489E-8463-082AF1E6A8C6}
		{18E4E701-00ED-44BF-9983-D37FADA0729C} = {093D81EE-D5EC-4AB8-BD19-2A2773A6C362}
		{72FA7932-7C31-4711-B84C-457C06C6190A} = {BB36B246-A754-4E74-83FE-FFF9CBC6B85C}
		{D09C27CA-D1AD-4180-BF96-1FEE2E15C047} = {BB36B246-A754-4E74-83FE-FFF9CBC6B85C}
		{8F04E74A-7ED0-4073-BD01-EFB484DA9CAF} = {BB36B246-A754-4E74-83FE-FFF9CBC6B85C}
		{641C09FC-9C02-49EE-B171-5EAB9F14BA60} = {BB36B246-A754-4E74-83FE-FFF9CBC6B85C}
		{3B5FAA07-6F38-489C-916B-863DCFE03D97} = {BB36B246-A754-4E74-83FE-FFF9CBC6B85C}
		{CF6A3F49-76E7-4B5A-B421-CB029F9CE729} = {BB36B246-A754-4E74-83FE-FFF9CBC6B85C}
		{759D294B-859F-432F-A763-9A12414E76A7} = {BB36B246-A754-4E74-83FE-FFF9CBC6B85C}
		{5ED9AAD6-9262-4AA5-BD51-CE67C975EAC3} = {3D35C6D4-1649-4E0C-B271-8E64AD6C8B77}
		{91620A53-C81D-4D22-AB12-927113250D64} = {3D35C6D4-1649-4E0C-B271-8E64AD6C8B77}
		{BA24FB41-F29E-4B06-88C4-CC15A012F22F} = {B3DB8D16-8B9C-4EA3-91F7-457F262E5E2A}
		{891AB460-395A-4105-AA33-DCA74BD0F39D} = {B3DB8D16-8B9C-4EA3-91F7-457F262E5E2A}
		{41E2CB3E-A60F-477E-8D80-BEAB954B0296} = {842BAAAD-6DA7-4792-8371-E408B3381BC0}
		{9AAE520F-BDA4-48A8-B3A6-E04FB76CDF89} = {842BAAAD-6DA7-4792-8371-E408B3381BC0}
	EndGlobalSection
EndGlobal
